
Microsoft Visual Studio Solution File, Format Version 12.00
# Visual Studio 15
VisualStudioVersion = 15.0.28010.2048
MinimumVisualStudioVersion = 10.0.40219.1
Project("{FAE04EC0-301F-11D3-BF4B-00C04F79EFBC}") = "CONSOLE", "CONSOLE.csproj", "{DCEBC7B5-7693-4C91-B6A8-7EFCBF4D99FD}"
EndProject
Global
	GlobalSection(SolutionConfigurationPlatforms) = preSolution
		Debug|Any CPU = Debug|Any CPU
		Release|Any CPU = Release|Any CPU
	EndGlobalSection
	GlobalSection(ProjectConfigurationPlatforms) = postSolution
		{DCEBC7B5-7693-4C91-B6A8-7EFCBF4D99FD}.Debug|Any CPU.ActiveCfg = Debug|Any CPU
		{DCEBC7B5-7693-4C91-B6A8-7EFCBF4D99FD}.Debug|Any CPU.Build.0 = Debug|Any CPU
		{DCEBC7B5-7693-4C91-B6A8-7EFCBF4D99FD}.Release|Any CPU.ActiveCfg = Release|Any CPU
		{DCEBC7B5-7693-4C91-B6A8-7EFCBF4D99FD}.Release|Any CPU.Build.0 = Release|Any CPU
	EndGlobalSection
	GlobalSection(SolutionProperties) = preSolution
		HideSolutionNode = FALSE
	EndGlobalSection
	GlobalSection(ExtensibilityGlobals) = postSolution
		SolutionGuid = {7C6088BD-E860-4972-BE59-019EA43717A0}
	EndGlobalSection
EndGlobal
