
Microsoft Visual Studio Solution File, Format Version 12.00
# Visual Studio Version 16
VisualStudioVersion = 16.0.28803.202
MinimumVisualStudioVersion = 10.0.40219.1
Project("{FAE04EC0-301F-11D3-BF4B-00C04F79EFBC}") = "SYNC10WPF", "SYNC10WPF\SYNC10WPF.csproj", "{086AAEAC-18B6-42F5-8912-BAFF1F1FAF79}"
EndProject
Global
	GlobalSection(SolutionConfigurationPlatforms) = preSolution
		Debug|Any CPU = Debug|Any CPU
		Release|Any CPU = Release|Any CPU
	EndGlobalSection
	GlobalSection(ProjectConfigurationPlatforms) = postSolution
		{086AAEAC-18B6-42F5-8912-BAFF1F1FAF79}.Debug|Any CPU.ActiveCfg = Debug|Any CPU
		{086AAEAC-18B6-42F5-8912-BAFF1F1FAF79}.Debug|Any CPU.Build.0 = Debug|Any CPU
		{086AAEAC-18B6-42F5-8912-BAFF1F1FAF79}.Release|Any CPU.ActiveCfg = Release|Any CPU
		{086AAEAC-18B6-42F5-8912-BAFF1F1FAF79}.Release|Any CPU.Build.0 = Release|Any CPU
	EndGlobalSection
	GlobalSection(SolutionProperties) = preSolution
		HideSolutionNode = FALSE
	EndGlobalSection
	GlobalSection(ExtensibilityGlobals) = postSolution
		SolutionGuid = {0338D229-B371-44E8-963D-AD260964F843}
	EndGlobalSection
EndGlobal
